{
  "version": 1,
  "dependencies": {
    "net6.0": {
      "AmongUs.GameLibs.Steam": {
        "type": "Direct",
        "requested": "[2025.3.25, )",
        "resolved": "2025.3.25",
        "contentHash": "2QxQXgZDcQOdAIDXrNLrQ7veEzD6EBzuaRjzSbHptWUPUsuVc3I5Ur3xMkPPwmSGsDHjLuAGE84yRjV6oJxGxw=="
      }
    }
  }
}